<?xml version="1.0" encoding="utf-8"?>
<Project ToolsVersion="4.0" xmlns="http://schemas.microsoft.com/developer/msbuild/2003">
  <ItemGroup>
    <Filter Include="Source Files">
      <UniqueIdentifier>{4FC737F1-C7A5-4376-A066-2A32D752A2FF}</UniqueIdentifier>
      <Extensions>cpp;c;cc;cxx;def;odl;idl;hpj;bat;asm;asmx</Extensions>
    </Filter>
    <Filter Include="Header Files">
      <UniqueIdentifier>{93995380-89BD-4b04-88EB-625FBE52EBFB}</UniqueIdentifier>
      <Extensions>h;hh;hpp;hxx;hm;inl;inc;ipp;xsd</Extensions>
    </Filter>
    <Filter Include="Resource Files">
      <UniqueIdentifier>{67DA6AB6-F800-4c08-8B7A-83BB121AAD01}</UniqueIdentifier>
      <Extensions>rc;ico;cur;bmp;dlg;rc2;rct;bin;rgs;gif;jpg;jpeg;jpe;resx;tiff;tif;png;wav;mfcribbon-ms</Extensions>
    </Filter>
    <Filter Include="Source Files\Containers">
      <UniqueIdentifier>{14cf991d-7b71-4b65-bb59-14a51ffce500}</UniqueIdentifier>
    </Filter>
    <Filter Include="Source Files\Math">
      <UniqueIdentifier>{7c49d92d-4736-4059-8201-932e18832803}</UniqueIdentifier>
    </Filter>
    <Filter Include="Source Files\Encoding">
      <UniqueIdentifier>{3181dd68-1be0-45bd-bcad-52f9fc72cf89}</UniqueIdentifier>
    </Filter>
    <Filter Include="Source Files\System">
      <UniqueIdentifier>{6d8f58e2-788a-4038-84fc-2768a24fdc1d}</UniqueIdentifier>
    </Filter>
  </ItemGroup>
  <ItemGroup>
    <ClCompile Include="MecsNative.cpp">
      <Filter>Source Files</Filter>
    </ClCompile>
    <ClCompile Include="Vector.cpp">
      <Filter>Source Files\Containers</Filter>
    </ClCompile>
    <ClCompile Include="HashMap.cpp">
      <Filter>Source Files\Containers</Filter>
    </ClCompile>
    <ClCompile Include="Tree.cpp">
      <Filter>Source Files\Containers</Filter>
    </ClCompile>
    <ClCompile Include="String.cpp">
      <Filter>Source Files\Containers</Filter>
    </ClCompile>
    <ClCompile Include="Fix16.cpp">
      <Filter>Source Files\Math</Filter>
    </ClCompile>
    <ClCompile Include="Heap.cpp">
      <Filter>Source Files\Containers</Filter>
    </ClCompile>
    <ClCompile Include="TagData.cpp">
      <Filter>Source Files\Encoding</Filter>
    </ClCompile>
    <ClCompile Include="FileSys.cpp">
      <Filter>Source Files\System</Filter>
    </ClCompile>
  </ItemGroup>
  <ItemGroup>
    <ClInclude Include="Vector.h">
      <Filter>Source Files\Containers</Filter>
    </ClInclude>
    <ClInclude Include="HashMap.h">
      <Filter>Source Files\Containers</Filter>
    </ClInclude>
    <ClInclude Include="Tree.h">
      <Filter>Source Files\Containers</Filter>
    </ClInclude>
    <ClInclude Include="String.h">
      <Filter>Source Files\Containers</Filter>
    </ClInclude>
    <ClInclude Include="Fix16.h">
      <Filter>Source Files\Math</Filter>
    </ClInclude>
    <ClInclude Include="Heap.h">
      <Filter>Source Files\Containers</Filter>
    </ClInclude>
    <ClInclude Include="RawData.h">
      <Filter>Source Files\Encoding</Filter>
    </ClInclude>
    <ClInclude Include="TagData.h">
      <Filter>Source Files\Encoding</Filter>
    </ClInclude>
    <ClInclude Include="FileSys.h">
      <Filter>Source Files\System</Filter>
    </ClInclude>
  </ItemGroup>
  <ItemGroup>
    <Text Include="Notes.txt" />
  </ItemGroup>
</Project>